// !$*UTF8*$!
{
	archiveVersion = 1;
	classes = {
	};
	objectVersion = 46;
	objects = {

/* Begin PBXBuildFile section */
		EAA7C8F51CF9FFFC006D8B5D /* main.m in Sources */ = {isa = PBXBuildFile; fileRef = EAA7C8F41CF9FFFC006D8B5D /* main.m */; };
		EAA7C8F81CF9FFFC006D8B5D /* AppDelegate.m in Sources */ = {isa = PBXBuildFile; fileRef = EAA7C8F71CF9FFFC006D8B5D /* AppDelegate.m */; };
		EAA7C8FB1CF9FFFC006D8B5D /* ViewController.m in Sources */ = {isa = PBXBuildFile; fileRef = EAA7C8FA1CF9FFFC006D8B5D /* ViewController.m */; };
		EAA7C8FE1CF9FFFC006D8B5D /* Main.storyboard in Resources */ = {isa = PBXBuildFile; fileRef = EAA7C8FC1CF9FFFC006D8B5D /* Main.storyboard */; };
		EAA7C9001CF9FFFC006D8B5D /* Assets.xcassets in Resources */ = {isa = PBXBuildFile; fileRef = EAA7C8FF1CF9FFFC006D8B5D /* Assets.xcassets */; };
		EAA7C9031CF9FFFC006D8B5D /* LaunchScreen.storyboard in Resources */ = {isa = PBXBuildFile; fileRef = EAA7C9011CF9FFFC006D8B5D /* LaunchScreen.storyboard */; };
/* End PBXBuildFile section */

/* Begin PBXFileReference section */
		EAA7C8F01CF9FFFC006D8B5D /* 13-异步加载图像.app */ = {isa = PBXFileReference; explicitFileType = wrapper.application; includeInIndex = 0; path = "13-异步加载图像.app"; sourceTree = BUILT_PRODUCTS_DIR; };
		EAA7C8F41CF9FFFC006D8B5D /* main.m */ = {isa = PBXFileReference; lastKnownFileType = sourcecode.c.objc; path = main.m; sourceTree = "<group>"; };
		EAA7C8F61CF9FFFC006D8B5D /* AppDelegate.h */ = {isa = PBXFileReference; lastKnownFileType = sourcecode.c.h; path = AppDelegate.h; sourceTree = "<group>"; };
		EAA7C8F71CF9FFFC006D8B5D /* AppDelegate.m */ = {isa = PBXFileReference; lastKnownFileType = sourcecode.c.objc; path = AppDelegate.m; sourceTree = "<group>"; };
		EAA7C8F91CF9FFFC006D8B5D /* ViewController.h */ = {isa = PBXFileReference; lastKnownFileType = sourcecode.c.h; path = ViewController.h; sourceTree = "<group>"; };
		EAA7C8FA1CF9FFFC006D8B5D /* ViewController.m */ = {isa = PBXFileReference; lastKnownFileType = sourcecode.c.objc; path = ViewController.m; sourceTree = "<group>"; };
		EAA7C8FD1CF9FFFC006D8B5D /* Base */ = {isa = PBXFileReference; lastKnownFileType = file.storyboard; name = Base; path = Base.lproj/Main.storyboard; sourceTree = "<group>"; };
		EAA7C8FF1CF9FFFC006D8B5D /* Assets.xcassets */ = {isa = PBXFileReference; lastKnownFileType = folder.assetcatalog; path = Assets.xcassets; sourceTree = "<group>"; };
		EAA7C9021CF9FFFC006D8B5D /* Base */ = {isa = PBXFileReference; lastKnownFileType = file.storyboard; name = Base; path = Base.lproj/LaunchScreen.storyboard; sourceTree = "<group>"; };
		EAA7C9041CF9FFFC006D8B5D /* Info.plist */ = {isa = PBXFileReference; lastKnownFileType = text.plist.xml; path = Info.plist; sourceTree = "<group>"; };
/* End PBXFileReference section */

/* Begin PBXFrameworksBuildPhase section */
		EAA7C8ED1CF9FFFC006D8B5D /* Frameworks */ = {
			isa = PBXFrameworksBuildPhase;
			buildActionMask = 2147483647;
			files = (
			);
			runOnlyForDeploymentPostprocessing = 0;
		};
/* End PBXFrameworksBuildPhase section */

/* Begin PBXGroup section */
		EAA7C8E71CF9FFFC006D8B5D = {
			isa = PBXGroup;
			children = (
				EAA7C8F21CF9FFFC006D8B5D /* 13-异步加载图像 */,
				EAA7C8F11CF9FFFC006D8B5D /* Products */,
			);
			sourceTree = "<group>";
		};
		EAA7C8F11CF9FFFC006D8B5D /* Products */ = {
			isa = PBXGroup;
			children = (
				EAA7C8F01CF9FFFC006D8B5D /* 13-异步加载图像.app */,
			);
			name = Products;
			sourceTree = "<group>";
		};
		EAA7C8F21CF9FFFC006D8B5D /* 13-异步加载图像 */ = {
			isa = PBXGroup;
			children = (
				EAA7C8F61CF9FFFC006D8B5D /* AppDelegate.h */,
				EAA7C8F71CF9FFFC006D8B5D /* AppDelegate.m */,
				EAA7C8F91CF9FFFC006D8B5D /* ViewController.h */,
				EAA7C8FA1CF9FFFC006D8B5D /* ViewController.m */,
				EAA7C8FC1CF9FFFC006D8B5D /* Main.storyboard */,
				EAA7C8FF1CF9FFFC006D8B5D /* Assets.xcassets */,
				EAA7C9011CF9FFFC006D8B5D /* LaunchScreen.storyboard */,
				EAA7C9041CF9FFFC006D8B5D /* Info.plist */,
				EAA7C8F31CF9FFFC006D8B5D /* Supporting Files */,
			);
			path = "13-异步加载图像";
			sourceTree = "<group>";
		};
		EAA7C8F31CF9FFFC006D8B5D /* Supporting Files */ = {
			isa = PBXGroup;
			children = (
				EAA7C8F41CF9FFFC006D8B5D /* main.m */,
			);
			name = "Supporting Files";
			sourceTree = "<group>";
		};
/* End PBXGroup section */

/* Begin PBXNativeTarget section */
		EAA7C8EF1CF9FFFC006D8B5D /* 13-异步加载图像 */ = {
			isa = PBXNativeTarget;
			buildConfigurationList = EAA7C9071CF9FFFC006D8B5D /* Build configuration list for PBXNativeTarget "13-异步加载图像" */;
			buildPhases = (
				EAA7C8EC1CF9FFFC006D8B5D /* Sources */,
				EAA7C8ED1CF9FFFC006D8B5D /* Frameworks */,
				EAA7C8EE1CF9FFFC006D8B5D /* Resources */,
			);
			buildRules = (
			);
			dependencies = (
			);
			name = "13-异步加载图像";
			productName = "13-异步加载图像";
			productReference = EAA7C8F01CF9FFFC006D8B5D /* 13-异步加载图像.app */;
			productType = "com.apple.product-type.application";
		};
/* End PBXNativeTarget section */

/* Begin PBXProject section */
		EAA7C8E81CF9FFFC006D8B5D /* Project object */ = {
			isa = PBXProject;
			attributes = {
				LastUpgradeCheck = 0730;
				ORGANIZATIONNAME = itcast;
				TargetAttributes = {
					EAA7C8EF1CF9FFFC006D8B5D = {
						CreatedOnToolsVersion = 7.3.1;
					};
				};
			};
			buildConfigurationList = EAA7C8EB1CF9FFFC006D8B5D /* Build configuration list for PBXProject "13-异步加载图像" */;
			compatibilityVersion = "Xcode 3.2";
			developmentRegion = English;
			hasScannedForEncodings = 0;
			knownRegions = (
				en,
				Base,
			);
			mainGroup = EAA7C8E71CF9FFFC006D8B5D;
			productRefGroup = EAA7C8F11CF9FFFC006D8B5D /* Products */;
			projectDirPath = "";
			projectRoot = "";
			targets = (
				EAA7C8EF1CF9FFFC006D8B5D /* 13-异步加载图像 */,
			);
		};
/* End PBXProject section */

/* Begin PBXResourcesBuildPhase section */
		EAA7C8EE1CF9FFFC006D8B5D /* Resources */ = {
			isa = PBXResourcesBuildPhase;
			buildActionMask = 2147483647;
			files = (
				EAA7C9031CF9FFFC006D8B5D /* LaunchScreen.storyboard in Resources */,
				EAA7C9001CF9FFFC006D8B5D /* Assets.xcassets in Resources */,
				EAA7C8FE1CF9FFFC006D8B5D /* Main.storyboard in Resources */,
			);
			runOnlyForDeploymentPostprocessing = 0;
		};
/* End PBXResourcesBuildPhase section */

/* Begin PBXSourcesBuildPhase section */
		EAA7C8EC1CF9FFFC006D8B5D /* Sources */ = {
			isa = PBXSourcesBuildPhase;
			buildActionMask = 2147483647;
			files = (
				EAA7C8FB1CF9FFFC006D8B5D /* ViewController.m in Sources */,
				EAA7C8F81CF9FFFC006D8B5D /* AppDelegate.m in Sources */,
				EAA7C8F51CF9FFFC006D8B5D /* main.m in Sources */,
			);
			runOnlyForDeploymentPostprocessing = 0;
		};
/* End PBXSourcesBuildPhase section */

/* Begin PBXVariantGroup section */
		EAA7C8FC1CF9FFFC006D8B5D /* Main.storyboard */ = {
			isa = PBXVariantGroup;
			children = (
				EAA7C8FD1CF9FFFC006D8B5D /* Base */,
			);
			name = Main.storyboard;
			sourceTree = "<group>";
		};
		EAA7C9011CF9FFFC006D8B5D /* LaunchScreen.storyboard */ = {
			isa = PBXVariantGroup;
			children = (
				EAA7C9021CF9FFFC006D8B5D /* Base */,
			);
			name = LaunchScreen.storyboard;
			sourceTree = "<group>";
		};
/* End PBXVariantGroup section */

/* Begin XCBuildConfiguration section */
		EAA7C9051CF9FFFC006D8B5D /* Debug */ = {
			isa = XCBuildConfiguration;
			buildSettings = {
				ALWAYS_SEARCH_USER_PATHS = NO;
				CLANG_ANALYZER_NONNULL = YES;
				CLANG_CXX_LANGUAGE_STANDARD = "gnu++0x";
				CLANG_CXX_LIBRARY = "libc++";
				CLANG_ENABLE_MODULES = YES;
				CLANG_ENABLE_OBJC_ARC = YES;
				CLANG_WARN_BOOL_CONVERSION = YES;
				CLANG_WARN_CONSTANT_CONVERSION = YES;
				CLANG_WARN_DIRECT_OBJC_ISA_USAGE = YES_ERROR;
				CLANG_WARN_EMPTY_BODY = YES;
				CLANG_WARN_ENUM_CONVERSION = YES;
				CLANG_WARN_INT_CONVERSION = YES;
				CLANG_WARN_OBJC_ROOT_CLASS = YES_ERROR;
				CLANG_WARN_UNREACHABLE_CODE = YES;
				CLANG_WARN__DUPLICATE_METHOD_MATCH = YES;
				"CODE_SIGN_IDENTITY[sdk=iphoneos*]" = "iPhone Developer";
				COPY_PHASE_STRIP = NO;
				DEBUG_INFORMATION_FORMAT = dwarf;
				ENABLE_STRICT_OBJC_MSGSEND = YES;
				ENABLE_TESTABILITY = YES;
				GCC_C_LANGUAGE_STANDARD = gnu99;
				GCC_DYNAMIC_NO_PIC = NO;
				GCC_NO_COMMON_BLOCKS = YES;
				GCC_OPTIMIZATION_LEVEL = 0;
				GCC_PREPROCESSOR_DEFINITIONS = (
					"DEBUG=1",
					"$(inherited)",
				);
				GCC_WARN_64_TO_32_BIT_CONVERSION = YES;
				GCC_WARN_ABOUT_RETURN_TYPE = YES_ERROR;
				GCC_WARN_UNDECLARED_SELECTOR = YES;
				GCC_WARN_UNINITIALIZED_AUTOS = YES_AGGRESSIVE;
				GCC_WARN_UNUSED_FUNCTION = YES;
				GCC_WARN_UNUSED_VARIABLE = YES;
				IPHONEOS_DEPLOYMENT_TARGET = 9.3;
				MTL_ENABLE_DEBUG_INFO = YES;
				ONLY_ACTIVE_ARCH = YES;
				SDKROOT = iphoneos;
			};
			name = Debug;
		};
		EAA7C9061CF9FFFC006D8B5D /* Release */ = {
			isa = XCBuildConfiguration;
			buildSettings = {
				ALWAYS_SEARCH_USER_PATHS = NO;
				CLANG_ANALYZER_NONNULL = YES;
				CLANG_CXX_LANGUAGE_STANDARD = "gnu++0x";
				CLANG_CXX_LIBRARY = "libc++";
				CLANG_ENABLE_MODULES = YES;
				CLANG_ENABLE_OBJC_ARC = YES;
				CLANG_WARN_BOOL_CONVERSION = YES;
				CLANG_WARN_CONSTANT_CONVERSION = YES;
				CLANG_WARN_DIRECT_OBJC_ISA_USAGE = YES_ERROR;
				CLANG_WARN_EMPTY_BODY = YES;
				CLANG_WARN_ENUM_CONVERSION = YES;
				CLANG_WARN_INT_CONVERSION = YES;
				CLANG_WARN_OBJC_ROOT_CLASS = YES_ERROR;
				CLANG_WARN_UNREACHABLE_CODE = YES;
				CLANG_WARN__DUPLICATE_METHOD_MATCH = YES;
				"CODE_SIGN_IDENTITY[sdk=iphoneos*]" = "iPhone Developer";
				COPY_PHASE_STRIP = NO;
				DEBUG_INFORMATION_FORMAT = "dwarf-with-dsym";
				ENABLE_NS_ASSERTIONS = NO;
				ENABLE_STRICT_OBJC_MSGSEND = YES;
				GCC_C_LANGUAGE_STANDARD = gnu99;
				GCC_NO_COMMON_BLOCKS = YES;
				GCC_WARN_64_TO_32_BIT_CONVERSION = YES;
				GCC_WARN_ABOUT_RETURN_TYPE = YES_ERROR;
				GCC_WARN_UNDECLARED_SELECTOR = YES;
				GCC_WARN_UNINITIALIZED_AUTOS = YES_AGGRESSIVE;
				GCC_WARN_UNUSED_FUNCTION = YES;
				GCC_WARN_UNUSED_VARIABLE = YES;
				IPHONEOS_DEPLOYMENT_TARGET = 9.3;
				MTL_ENABLE_DEBUG_INFO = NO;
				SDKROOT = iphoneos;
				VALIDATE_PRODUCT = YES;
			};
			name = Release;
		};
		EAA7C9081CF9FFFC006D8B5D /* Debug */ = {
			isa = XCBuildConfiguration;
			buildSettings = {
				ASSETCATALOG_COMPILER_APPICON_NAME = AppIcon;
				INFOPLIST_FILE = "13-异步加载图像/Info.plist";
				LD_RUNPATH_SEARCH_PATHS = "$(inherited) @executable_path/Frameworks";
				PRODUCT_BUNDLE_IDENTIFIER = "cn.itcast.-3-------";
				PRODUCT_NAME = "$(TARGET_NAME)";
			};
			name = Debug;
		};
		EAA7C9091CF9FFFC006D8B5D /* Release */ = {
			isa = XCBuildConfiguration;
			buildSettings = {
				ASSETCATALOG_COMPILER_APPICON_NAME = AppIcon;
				INFOPLIST_FILE = "13-异步加载图像/Info.plist";
				LD_RUNPATH_SEARCH_PATHS = "$(inherited) @executable_path/Frameworks";
				PRODUCT_BUNDLE_IDENTIFIER = "cn.itcast.-3-------";
				PRODUCT_NAME = "$(TARGET_NAME)";
			};
			name = Release;
		};
/* End XCBuildConfiguration section */

/* Begin XCConfigurationList section */
		EAA7C8EB1CF9FFFC006D8B5D /* Build configuration list for PBXProject "13-异步加载图像" */ = {
			isa = XCConfigurationList;
			buildConfigurations = (
				EAA7C9051CF9FFFC006D8B5D /* Debug */,
				EAA7C9061CF9FFFC006D8B5D /* Release */,
			);
			defaultConfigurationIsVisible = 0;
			defaultConfigurationName = Release;
		};
		EAA7C9071CF9FFFC006D8B5D /* Build configuration list for PBXNativeTarget "13-异步加载图像" */ = {
			isa = XCConfigurationList;
			buildConfigurations = (
				EAA7C9081CF9FFFC006D8B5D /* Debug */,
				EAA7C9091CF9FFFC006D8B5D /* Release */,
			);
			defaultConfigurationIsVisible = 0;
		};
/* End XCConfigurationList section */
	};
	rootObject = EAA7C8E81CF9FFFC006D8B5D /* Project object */;
}
